
Microsoft Visual Studio Solution File, Format Version 12.00
# Visual Studio 14
VisualStudioVersion = 14.0.25123.0
MinimumVisualStudioVersion = 10.0.40219.1
Project("{2150E333-8FDC-42A3-9474-1A3956D46DE8}") = "Lessons", "Lessons", "{0C164B04-2393-4CA8-9724-DD318C1C5819}"
EndProject
Project("{2150E333-8FDC-42A3-9474-1A3956D46DE8}") = "Tests", "Tests", "{2FB0C0A6-6FEE-423C-B2DC-236A4D2A8584}"
EndProject
Project("{FAE04EC0-301F-11D3-BF4B-00C04F79EFBC}") = "Trie", "Trie\Trie.csproj", "{31A2523B-3722-4E9A-8AC0-041F0CB270C2}"
EndProject
Project("{FAE04EC0-301F-11D3-BF4B-00C04F79EFBC}") = "Trie.Tests", "Trie.Tests\Trie.Tests.csproj", "{7C855C0A-C2A6-4395-8167-91852CEAEB66}"
EndProject
Project("{FAE04EC0-301F-11D3-BF4B-00C04F79EFBC}") = "TSTTrie", "TSTTrie\TSTTrie.csproj", "{35EF4EBF-0237-4802-9E63-2AD222EB33F8}"
EndProject
Project("{FAE04EC0-301F-11D3-BF4B-00C04F79EFBC}") = "TSTTrie.Tests", "TSTTrie.Tests\TSTTrie.Tests.csproj", "{3B9B9983-8D7F-4536-9400-6E2955C89307}"
EndProject
Project("{FAE04EC0-301F-11D3-BF4B-00C04F79EFBC}") = "RadixTrie", "RadixTrie\RadixTrie.csproj", "{B4743936-E1AB-4B58-A1C4-CBEB95B5D2FC}"
EndProject
Project("{FAE04EC0-301F-11D3-BF4B-00C04F79EFBC}") = "RadixTrie.Tests", "RadixTrie.Tests\RadixTrie.Tests.csproj", "{288E050A-F7CD-4D1A-AE5A-306D62CACA3D}"
EndProject
Project("{FAE04EC0-301F-11D3-BF4B-00C04F79EFBC}") = "PatriciaTrie", "PatriciaTrie\PatriciaTrie.csproj", "{72A398F7-034A-41D4-9721-EB182D708248}"
EndProject
Project("{FAE04EC0-301F-11D3-BF4B-00C04F79EFBC}") = "PatriciaTrie.Tests", "PatriciaTrie.Tests\PatriciaTrie.Tests.csproj", "{F55E60A7-267B-456C-A39C-D8309C987441}"
EndProject
Project("{FAE04EC0-301F-11D3-BF4B-00C04F79EFBC}") = "TrieImproved", "TrieImproved\TrieImproved.csproj", "{115CCAAD-1E31-4C72-B498-DD5ABE9A71A1}"
EndProject
Project("{FAE04EC0-301F-11D3-BF4B-00C04F79EFBC}") = "SuffixTrie", "SuffixTrie\SuffixTrie.csproj", "{A9E23BF0-7D70-4961-B4D4-F10AC4369A7F}"
EndProject
Project("{FAE04EC0-301F-11D3-BF4B-00C04F79EFBC}") = "SuffixTrie.Tests", "SuffixTrie.Tests\SuffixTrie.Tests.csproj", "{4882F27D-FF2B-4D9A-BAAA-8397ECBB5DC9}"
EndProject
Global
	GlobalSection(SolutionConfigurationPlatforms) = preSolution
		Debug|Any CPU = Debug|Any CPU
		Release|Any CPU = Release|Any CPU
	EndGlobalSection
	GlobalSection(ProjectConfigurationPlatforms) = postSolution
		{31A2523B-3722-4E9A-8AC0-041F0CB270C2}.Debug|Any CPU.ActiveCfg = Debug|Any CPU
		{31A2523B-3722-4E9A-8AC0-041F0CB270C2}.Debug|Any CPU.Build.0 = Debug|Any CPU
		{31A2523B-3722-4E9A-8AC0-041F0CB270C2}.Release|Any CPU.ActiveCfg = Release|Any CPU
		{31A2523B-3722-4E9A-8AC0-041F0CB270C2}.Release|Any CPU.Build.0 = Release|Any CPU
		{7C855C0A-C2A6-4395-8167-91852CEAEB66}.Debug|Any CPU.ActiveCfg = Debug|Any CPU
		{7C855C0A-C2A6-4395-8167-91852CEAEB66}.Debug|Any CPU.Build.0 = Debug|Any CPU
		{7C855C0A-C2A6-4395-8167-91852CEAEB66}.Release|Any CPU.ActiveCfg = Release|Any CPU
		{7C855C0A-C2A6-4395-8167-91852CEAEB66}.Release|Any CPU.Build.0 = Release|Any CPU
		{35EF4EBF-0237-4802-9E63-2AD222EB33F8}.Debug|Any CPU.ActiveCfg = Debug|Any CPU
		{35EF4EBF-0237-4802-9E63-2AD222EB33F8}.Debug|Any CPU.Build.0 = Debug|Any CPU
		{35EF4EBF-0237-4802-9E63-2AD222EB33F8}.Release|Any CPU.ActiveCfg = Release|Any CPU
		{35EF4EBF-0237-4802-9E63-2AD222EB33F8}.Release|Any CPU.Build.0 = Release|Any CPU
		{3B9B9983-8D7F-4536-9400-6E2955C89307}.Debug|Any CPU.ActiveCfg = Debug|Any CPU
		{3B9B9983-8D7F-4536-9400-6E2955C89307}.Debug|Any CPU.Build.0 = Debug|Any CPU
		{3B9B9983-8D7F-4536-9400-6E2955C89307}.Release|Any CPU.ActiveCfg = Release|Any CPU
		{3B9B9983-8D7F-4536-9400-6E2955C89307}.Release|Any CPU.Build.0 = Release|Any CPU
		{B4743936-E1AB-4B58-A1C4-CBEB95B5D2FC}.Debug|Any CPU.ActiveCfg = Debug|Any CPU
		{B4743936-E1AB-4B58-A1C4-CBEB95B5D2FC}.Debug|Any CPU.Build.0 = Debug|Any CPU
		{B4743936-E1AB-4B58-A1C4-CBEB95B5D2FC}.Release|Any CPU.ActiveCfg = Release|Any CPU
		{B4743936-E1AB-4B58-A1C4-CBEB95B5D2FC}.Release|Any CPU.Build.0 = Release|Any CPU
		{288E050A-F7CD-4D1A-AE5A-306D62CACA3D}.Debug|Any CPU.ActiveCfg = Debug|Any CPU
		{288E050A-F7CD-4D1A-AE5A-306D62CACA3D}.Debug|Any CPU.Build.0 = Debug|Any CPU
		{288E050A-F7CD-4D1A-AE5A-306D62CACA3D}.Release|Any CPU.ActiveCfg = Release|Any CPU
		{288E050A-F7CD-4D1A-AE5A-306D62CACA3D}.Release|Any CPU.Build.0 = Release|Any CPU
		{72A398F7-034A-41D4-9721-EB182D708248}.Debug|Any CPU.ActiveCfg = Debug|Any CPU
		{72A398F7-034A-41D4-9721-EB182D708248}.Debug|Any CPU.Build.0 = Debug|Any CPU
		{72A398F7-034A-41D4-9721-EB182D708248}.Release|Any CPU.ActiveCfg = Release|Any CPU
		{72A398F7-034A-41D4-9721-EB182D708248}.Release|Any CPU.Build.0 = Release|Any CPU
		{F55E60A7-267B-456C-A39C-D8309C987441}.Debug|Any CPU.ActiveCfg = Debug|Any CPU
		{F55E60A7-267B-456C-A39C-D8309C987441}.Debug|Any CPU.Build.0 = Debug|Any CPU
		{F55E60A7-267B-456C-A39C-D8309C987441}.Release|Any CPU.ActiveCfg = Release|Any CPU
		{F55E60A7-267B-456C-A39C-D8309C987441}.Release|Any CPU.Build.0 = Release|Any CPU
		{115CCAAD-1E31-4C72-B498-DD5ABE9A71A1}.Debug|Any CPU.ActiveCfg = Debug|Any CPU
		{115CCAAD-1E31-4C72-B498-DD5ABE9A71A1}.Debug|Any CPU.Build.0 = Debug|Any CPU
		{115CCAAD-1E31-4C72-B498-DD5ABE9A71A1}.Release|Any CPU.ActiveCfg = Release|Any CPU
		{115CCAAD-1E31-4C72-B498-DD5ABE9A71A1}.Release|Any CPU.Build.0 = Release|Any CPU
		{A9E23BF0-7D70-4961-B4D4-F10AC4369A7F}.Debug|Any CPU.ActiveCfg = Debug|Any CPU
		{A9E23BF0-7D70-4961-B4D4-F10AC4369A7F}.Debug|Any CPU.Build.0 = Debug|Any CPU
		{A9E23BF0-7D70-4961-B4D4-F10AC4369A7F}.Release|Any CPU.ActiveCfg = Release|Any CPU
		{A9E23BF0-7D70-4961-B4D4-F10AC4369A7F}.Release|Any CPU.Build.0 = Release|Any CPU
		{4882F27D-FF2B-4D9A-BAAA-8397ECBB5DC9}.Debug|Any CPU.ActiveCfg = Debug|Any CPU
		{4882F27D-FF2B-4D9A-BAAA-8397ECBB5DC9}.Debug|Any CPU.Build.0 = Debug|Any CPU
		{4882F27D-FF2B-4D9A-BAAA-8397ECBB5DC9}.Release|Any CPU.ActiveCfg = Release|Any CPU
		{4882F27D-FF2B-4D9A-BAAA-8397ECBB5DC9}.Release|Any CPU.Build.0 = Release|Any CPU
	EndGlobalSection
	GlobalSection(SolutionProperties) = preSolution
		HideSolutionNode = FALSE
	EndGlobalSection
	GlobalSection(NestedProjects) = preSolution
		{31A2523B-3722-4E9A-8AC0-041F0CB270C2} = {0C164B04-2393-4CA8-9724-DD318C1C5819}
		{7C855C0A-C2A6-4395-8167-91852CEAEB66} = {2FB0C0A6-6FEE-423C-B2DC-236A4D2A8584}
		{35EF4EBF-0237-4802-9E63-2AD222EB33F8} = {0C164B04-2393-4CA8-9724-DD318C1C5819}
		{3B9B9983-8D7F-4536-9400-6E2955C89307} = {2FB0C0A6-6FEE-423C-B2DC-236A4D2A8584}
		{B4743936-E1AB-4B58-A1C4-CBEB95B5D2FC} = {0C164B04-2393-4CA8-9724-DD318C1C5819}
		{288E050A-F7CD-4D1A-AE5A-306D62CACA3D} = {2FB0C0A6-6FEE-423C-B2DC-236A4D2A8584}
		{72A398F7-034A-41D4-9721-EB182D708248} = {0C164B04-2393-4CA8-9724-DD318C1C5819}
		{F55E60A7-267B-456C-A39C-D8309C987441} = {2FB0C0A6-6FEE-423C-B2DC-236A4D2A8584}
		{115CCAAD-1E31-4C72-B498-DD5ABE9A71A1} = {0C164B04-2393-4CA8-9724-DD318C1C5819}
		{A9E23BF0-7D70-4961-B4D4-F10AC4369A7F} = {0C164B04-2393-4CA8-9724-DD318C1C5819}
		{4882F27D-FF2B-4D9A-BAAA-8397ECBB5DC9} = {2FB0C0A6-6FEE-423C-B2DC-236A4D2A8584}
	EndGlobalSection
EndGlobal
